lockfile_version: '1'
generated_at: '2026-03-29T12:52:45.406824+00:00'
apm_version: 0.7.9
dependencies:
- repo_url: webmaxru/ai-native-dev
  host: github.com
  resolved_commit: e57f4524bf0ab766295ae5fac5deca9d24dcc723
  virtual_path: skills/agent-package-manager
  is_virtual: true
  package_type: claude_skill
  deployed_files:
  - .github/skills/agent-package-manager
- repo_url: webmaxru/ai-native-dev
  host: github.com
  resolved_commit: e57f4524bf0ab766295ae5fac5deca9d24dcc723
  virtual_path: skills/agent-skill-deploy
  is_virtual: true
  package_type: claude_skill
  deployed_files:
  - .github/skills/agent-skill-deploy
- repo_url: webmaxru/ai-native-dev
  host: github.com
  resolved_commit: e57f4524bf0ab766295ae5fac5deca9d24dcc723
  virtual_path: skills/github-agentic-workflows
  is_virtual: true
  package_type: claude_skill
  deployed_files:
  - .github/skills/github-agentic-workflows
- repo_url: webmaxru/ai-native-dev
  host: github.com
  virtual_path: prompts/version-bump-and-deploy.prompt.md
  is_virtual: true
  package_type: apm_package
  deployed_files:
  - .github/prompts/version-bump-and-deploy.prompt.md
